
Microsoft Visual Studio Solution File, Format Version 12.00
# Visual Studio Version 16
VisualStudioVersion = 16.0.31019.35
MinimumVisualStudioVersion = 10.0.40219.1
Project("{FAE04EC0-301F-11D3-BF4B-00C04F79EFBC}") = "Bible", "Bible\Bible.csproj", "{E92A316A-BD4E-4AE8-A102-6921B350DDE7}"
EndProject
Project("{FAE04EC0-301F-11D3-BF4B-00C04F79EFBC}") = "Bible.Specs", "Bible.specs\Bible.Specs.csproj", "{6D6A360F-B64E-48DD-BE79-0780DFE1AB5C}"
EndProject
Global
	GlobalSection(SolutionConfigurationPlatforms) = preSolution
		Debug|Any CPU = Debug|Any CPU
		Release|Any CPU = Release|Any CPU
	EndGlobalSection
	GlobalSection(ProjectConfigurationPlatforms) = postSolution
		{E92A316A-BD4E-4AE8-A102-6921B350DDE7}.Debug|Any CPU.ActiveCfg = Debug|Any CPU
		{E92A316A-BD4E-4AE8-A102-6921B350DDE7}.Debug|Any CPU.Build.0 = Debug|Any CPU
		{E92A316A-BD4E-4AE8-A102-6921B350DDE7}.Release|Any CPU.ActiveCfg = Release|Any CPU
		{E92A316A-BD4E-4AE8-A102-6921B350DDE7}.Release|Any CPU.Build.0 = Release|Any CPU
		{6D6A360F-B64E-48DD-BE79-0780DFE1AB5C}.Debug|Any CPU.ActiveCfg = Debug|Any CPU
		{6D6A360F-B64E-48DD-BE79-0780DFE1AB5C}.Debug|Any CPU.Build.0 = Debug|Any CPU
		{6D6A360F-B64E-48DD-BE79-0780DFE1AB5C}.Release|Any CPU.ActiveCfg = Release|Any CPU
		{6D6A360F-B64E-48DD-BE79-0780DFE1AB5C}.Release|Any CPU.Build.0 = Release|Any CPU
	EndGlobalSection
	GlobalSection(SolutionProperties) = preSolution
		HideSolutionNode = FALSE
	EndGlobalSection
	GlobalSection(ExtensibilityGlobals) = postSolution
		SolutionGuid = {56707F45-0515-4F02-8025-41A3746CE372}
	EndGlobalSection
EndGlobal
